version = 1
revision = 3
requires-python = ">=3.13"

[[package]]
name = "glcontext"
version = "3.0.0"
source = { registry = "https://pypi.org/simple" }
sdist = { url = "https://files.pythonhosted.org/packages/3a/80/8238a0e6e972292061176141c1028b5e670aa8c94cf4c2f819bd730d314e/glcontext-3.0.0.tar.gz", hash = "sha256:57168edcd38df2fc0d70c318edf6f7e59091fba1cd3dadb289d0aa50449211ef", size = 16422, upload-time = "2024-08-10T20:01:20.004Z" }
wheels = [
    { url = "https://files.pythonhosted.org/packages/12/be/0ef6a6710164fde818040238b041b02a082a2b9d210f18632ab2354d863e/glcontext-3.0.0-cp313-cp313-macosx_10_13_x86_64.whl", hash = "sha256:5bd37089570d3cdb01c6c0b315c49ce8a4dcdab2c431f5ba9f37a8b633cebfdf", size = 9366, upload-time = "2024-08-10T20:00:30.531Z" },
    { url = "https://files.pythonhosted.org/packages/b9/d7/c3220898d72fbf938660ba5789c19cf245d21b45802a5d86cbcc67d66413/glcontext-3.0.0-cp313-cp313-macosx_11_0_arm64.whl", hash = "sha256:857fd83e60f15580afd369dfb651a10d84a70ec35995622d253551bfb3ff9477", size = 9735, upload-time = "2024-08-10T20:00:31.708Z" },
    { url = "https://files.pythonhosted.org/packages/74/c1/2d57062d2f2f6e55c58b12bdeab2a39b209f959df32039d099ecdfe96bf7/glcontext-3.0.0-cp313-cp313-manylinux_2_5_i686.manylinux1_i686.manylinux_2_17_i686.manylinux2014_i686.whl", hash = "sha256:93fda9b378ce6d91f366e83e71ebdafdd167280a9834d1d6341ce6457c4e42ed", size = 50166, upload-time = "2024-08-10T20:00:32.627Z" },
    { url = "https://files.pythonhosted.org/packages/03/4d/7fee00c76d678b06529e939ab6f3e3190af30208fe2e984526899026a437/glcontext-3.0.0-cp313-cp313-manylinux_2_5_x86_64.manylinux1_x86_64.manylinux_2_17_x86_64.manylinux2014_x86_64.whl", hash = "sha256:89ad50d34aa62f03f6aaf6ae39fc27afd1b0eaefb0281aac51f686dc5672d473", size = 51186, upload-time = "2024-08-10T20:00:33.718Z" },
    { url = "https://files.pythonhosted.org/packages/f0/58/dc9a56192b889587e51ea511804bad5dec816de81ce16831db9fe19d5c40/glcontext-3.0.0-cp313-cp313-musllinux_1_2_i686.whl", hash = "sha256:2634d5e9647a6d7b0c5a5c0c57e91ac98aa79759bffb42459af4374b049fab01", size = 44658, upload-time = "2024-08-10T20:00:35.232Z" },
    { url = "https://files.pythonhosted.org/packages/aa/ed/acb12e67589deaa96ad29d6994c2b9383afd18700f4f2a42ff342628aac5/glcontext-3.0.0-cp313-cp313-musllinux_1_2_x86_64.whl", hash = "sha256:0140c5df37cb48271527355062d35589dc3e1e7e73b51adf9962ed5048115f69", size = 46882, upload-time = "2024-08-10T20:00:36.33Z" },
    { url = "https://files.pythonhosted.org/packages/e0/6d/033ba23466d596c945f5f31f5c4e50cba3bc6664fdee58f6ceab54b76f4b/glcontext-3.0.0-cp313-cp313-win32.whl", hash = "sha256:6678e0552b516fa8fe62f500ef2b953bec991e82a003be2a9840d16556d03d2e", size = 12220, upload-time = "2024-08-10T20:00:37.874Z" },
    { url = "https://files.pythonhosted.org/packages/53/b4/f0e0860526b8661ec6ae2b25a15b61100e551f57f488613c564752173a56/glcontext-3.0.0-cp313-cp313-win_amd64.whl", hash = "sha256:18aa4b1df50e8c8ea39bd0f775f39bcc987521f92c4ed019ec7d70078471354d", size = 12971, upload-time = "2024-08-10T20:00:39.233Z" },
]

[[package]]
name = "moderngl"
version = "5.12.0"
source = { registry = "https://pypi.org/simple" }
dependencies = [
    { name = "glcontext" },
]
sdist = { url = "https://files.pythonhosted.org/packages/da/52/540e2f8c45060bb2709f56eb5a44ae828dfcc97ccecb342c1a7deb467889/moderngl-5.12.0.tar.gz", hash = "sha256:52936a98ccb2f2e1d6e3cb18528b2919f6831e7e3f924e788b5873badce5129b", size = 193232, upload-time = "2024-10-17T12:36:28.002Z" }
wheels = [
    { url = "https://files.pythonhosted.org/packages/39/13/cf493bdc3cb4f7a6b4fb357e683404dc8a97d19f53d501e4afdd679538e2/moderngl-5.12.0-cp313-cp313-macosx_10_13_x86_64.whl", hash = "sha256:f6efb432f5164f871471d1da36e3a4be9dc3efd7a1e48d0ac6b751e556af5d02", size = 112118, upload-time = "2024-10-17T12:37:14.892Z" },
    { url = "https://files.pythonhosted.org/packages/a9/1f/1d84bba5f42fb19ce240d08d5434fe8e2f34341e68bb9fa89336b6cbdcfc/moderngl-5.12.0-cp313-cp313-macosx_11_0_arm64.whl", hash = "sha256:9b09d8d15b2eaab41c8646a664429ec86af225fa25096758497cd212489d2e1e", size = 109371, upload-time = "2024-10-17T12:37:15.992Z" },
    { url = "https://files.pythonhosted.org/packages/be/ae/bda0b95878e2b36eac66f64d88c08e6c8ea759607f7d40e843a21c2f4f32/moderngl-5.12.0-cp313-cp313-manylinux_2_17_x86_64.manylinux2014_x86_64.whl", hash = "sha256:071042dd4846e58cbe204cf49341b62cd209fdcb6d48018feb5a61c66707fcb2", size = 296206, upload-time = "2024-10-17T12:37:17.204Z" },
    { url = "https://files.pythonhosted.org/packages/28/bc/93dc73251bcdb9c0f6f5c9a1d97ec2134672c307c68e6106948eab1f73d4/moderngl-5.12.0-cp313-cp313-manylinux_2_5_i686.manylinux1_i686.manylinux_2_17_i686.manylinux2014_i686.whl", hash = "sha256:91db8302ac7f5d7a82a967388677e1378ff078f1e16d05da37ce77f4633b93b1", size = 270443, upload-time = "2024-10-17T12:37:18.44Z" },
    { url = "https://files.pythonhosted.org/packages/2e/a1/bd72c788b16c2392d3e1ebb570e56d7f871eaa1854f57917c0f131acb365/moderngl-5.12.0-cp313-cp313-musllinux_1_2_i686.whl", hash = "sha256:51971d65ec96a212a814350c8b324ae0754353e1b61826d1a06aa2d060df170e", size = 1345675, upload-time = "2024-10-17T12:37:20.077Z" },
    { url = "https://files.pythonhosted.org/packages/b2/ec/6aff8fa267d9f80e4d32b7a606fdf9f0563103441a7dbaa4f53e272a4ada/moderngl-5.12.0-cp313-cp313-musllinux_1_2_x86_64.whl", hash = "sha256:d56827360c19e831e986243b5daaf6a51006f1ec0d5372084ad446308763d19f", size = 1274906, upload-time = "2024-10-17T12:37:22.372Z" },
    { url = "https://files.pythonhosted.org/packages/9f/4d/dc3ff763c125080e71b1095875f5dcc80949402019abc073bdfdbed1f4c2/moderngl-5.12.0-cp313-cp313-win32.whl", hash = "sha256:caa432c12b138a6c9571719075c4d103bdc2504cd31aeda38a00ad10fcf268cb", size = 101215, upload-time = "2024-10-17T12:37:23.833Z" },
    { url = "https://files.pythonhosted.org/packages/2c/8b/0a264732e0ee49fca109e98ec28f4d0c326ffc31466aa6e9668e8961aabb/moderngl-5.12.0-cp313-cp313-win_amd64.whl", hash = "sha256:e34d1cd38f7998258f76a08bb5e87f351ec653b7ea1928b2711f8719c10cefd1", size = 108514, upload-time = "2024-10-17T12:37:25.304Z" },
]

[[package]]
name = "pygame-ce"
version = "2.5.8"
source = { registry = "https://pypi.org/simple" }
sdist = { url = "https://files.pythonhosted.org/packages/26/2d/0f942ec31d558a6a1f2fd0df9965ff0055f165ed5b8d36f6509b1f3768a2/pygame_ce-2.5.8.tar.gz", hash = "sha256:3c8e69088ead310037972c391306ea58e74d7296b35d1890067749235fd554ba", size = 5300831, upload-time = "2026-08-09T11:39:49.226Z" }
wheels = [
    { url = "https://files.pythonhosted.org/packages/8a/06/f2e2d9fe3eb2dc1fde30b90e250274e85ba355af729892ac71ba653924a1/pygame_ce-2.5.8-cp313-cp313-macosx_10_13_universal2.whl", hash = "sha256:56441a9bb75c2461750dc0e6e4a46e3833b3cf6339bfbaf16f93ecac037510f3", size = 16562516, upload-time = "2026-08-09T11:38:42.311Z" },
    { url = "https://files.pythonhosted.org/packages/4d/fe/4be67df98bb05f7b024900f80fe4d07a72cec7022262d17c449b2a9f6034/pygame_ce-2.5.8-cp313-cp313-manylinux2014_aarch64.manylinux_2_17_aarch64.whl", hash = "sha256:e3183bc0d808e739ca2400df45a5bfae10704ccbcacab0f04f9adc9027e86427", size = 12045702, upload-time = "2026-08-09T11:38:44.903Z" },
    { url = "https://files.pythonhosted.org/packages/5d/8f/f7d283799aaa2208c1276f085d514f2ac37ce1bb5df940c7cbac7e6a6320/pygame_ce-2.5.8-cp313-cp313-manylinux2014_i686.manylinux_2_17_i686.whl", hash = "sha256:841aecccb498419367936bea0b1b0c6e9d635dc81c41ef26ec1769158f1ab871", size = 12585829, upload-time = "2026-08-09T11:38:47.507Z" },
    { url = "https://files.pythonhosted.org/packages/27/4d/03fd52c7f958b8e929757a118cada9aee16ae9d4fd84f2682ee0cbd3941d/pygame_ce-2.5.8-cp313-cp313-manylinux2014_x86_64.manylinux_2_17_x86_64.whl", hash = "sha256:5bb966b610e161a8f6d908b4c62ef3a1f3e922bc7bed73bd70a3e15dc780b90e", size = 12145623, upload-time = "2026-08-09T11:38:49.87Z" },
    { url = "https://files.pythonhosted.org/packages/6e/61/c02613190a3256a656258bb4f677aecc09c3cb1f5521490ce7d5fb6308dd/pygame_ce-2.5.8-cp313-cp313-win32.whl", hash = "sha256:cab944d76af71e707803856b4db984ca90d9d6453e470e89771ed963c11ed912", size = 9123635, upload-time = "2026-08-09T11:38:52.452Z" },
    { url = "https://files.pythonhosted.org/packages/c0/1b/da9186e5b88714c16fdb23bc4ba0bca4a75c21e3a5cf9607765773f68d22/pygame_ce-2.5.8-cp313-cp313-win_amd64.whl", hash = "sha256:f495b0eb7a5c54c59da58e964bc7f68073c3f43cf307729fd48309104a04c190", size = 9668342, upload-time = "2026-08-09T11:38:54.988Z" },
    { url = "https://files.pythonhosted.org/packages/55/d3/78136bc51be25afbd7954c22488860e80f32d9a885f6667fed8aac7df0d6/pygame_ce-2.5.8-cp313-cp313-win_arm64.whl", hash = "sha256:dea22b4d4c418bbd0bd9853ae797ecfa882436d2684ceb6063ba8b520adc8500", size = 10211021, upload-time = "2026-08-09T11:38:57.529Z" },
    { url = "https://files.pythonhosted.org/packages/4d/e6/8e83904cf4184223419345a78c905e7c1ace10228befd87eb497ba015c8c/pygame_ce-2.5.8-cp314-cp314-macosx_10_15_universal2.whl", hash = "sha256:7ec4efa6b57a194f5ad51b92211cc74b485320df951b0cc870235b2b889b9b6d", size = 16571019, upload-time = "2026-08-09T11:39:00.084Z" },
    { url = "https://files.pythonhosted.org/packages/2e/f3/4f90a0b5e86635d741111084eaa4d4c65fcab2f461edb8c9efa502e4c630/pygame_ce-2.5.8-cp314-cp314-manylinux2014_aarch64.manylinux_2_17_aarch64.whl", hash = "sha256:bb91d0bb0b5e2a4da61910d752769d4580cacffb4b7338cee57c932351c67e7b", size = 12051251, upload-time = "2026-08-09T11:39:02.561Z" },
    { url = "https://files.pythonhosted.org/packages/99/7e/b0c4f5d43261e8707353ef40cf6620d46d42f43a502c236e93ce6ea82e7b/pygame_ce-2.5.8-cp314-cp314-manylinux2014_i686.manylinux_2_17_i686.whl", hash = "sha256:68bd9c4ac42bb2549c034d56399404f16c87c56714db721ed975a759798a3d16", size = 12585932, upload-time = "2026-08-09T11:39:04.989Z" },
    { url = "https://files.pythonhosted.org/packages/dd/62/06f0ceb7f5a154e0071a4ce81a16de47b9f3b85034fa391686d489d15be5/pygame_ce-2.5.8-cp314-cp314-manylinux2014_x86_64.manylinux_2_17_x86_64.whl", hash = "sha256:0027bd2255cbb39789d9c7ff95a5f040f56d1cfeb09504497447c0ee06169a24", size = 12147357, upload-time = "2026-08-09T11:39:07.433Z" },
    { url = "https://files.pythonhosted.org/packages/05/57/14d6b40318af71cf20e4c750866795424e018f79c5a5cf3a9a74a8717c4c/pygame_ce-2.5.8-cp314-cp314-win32.whl", hash = "sha256:c5285d444e4b789ef95522bbd2b90433163ad2b89e0ae4891236fde88a027fbd", size = 9255121, upload-time = "2026-08-09T11:39:09.723Z" },
    { url = "https://files.pythonhosted.org/packages/f1/31/92d32a9bf9b78e9ef10cec7224e2f00efc957757505822af8dc4225e9b41/pygame_ce-2.5.8-cp314-cp314-win_amd64.whl", hash = "sha256:b4c2e28c201240199356952e6bd0221969d2eb8a1a15c3454d77db209bad7891", size = 9833757, upload-time = "2026-08-09T11:39:11.989Z" },
    { url = "https://files.pythonhosted.org/packages/5a/26/4024483d4a3161ed8fb8d3f3f4957580af31d468e0c31df7e6038f45ccdc/pygame_ce-2.5.8-cp314-cp314-win_arm64.whl", hash = "sha256:b23034594412456504822d3088cf5f292f63bbe415eac29735340a59999e4116", size = 10410381, upload-time = "2026-08-09T11:39:14.417Z" },
    { url = "https://files.pythonhosted.org/packages/fd/11/0b47f80b261d6379c86b9cc3fa405af5bd62af10506de7e28c2275d67b86/pygame_ce-2.5.8-cp315-cp315-macosx_10_15_universal2.whl", hash = "sha256:0a4e0804d53bae8d9aa5192fc2259b40dd084b48ea273dd7dd6e1c12b73303c4", size = 16571139, upload-time = "2026-08-09T11:39:16.979Z" },
    { url = "https://files.pythonhosted.org/packages/f1/95/694cd02641a0c0956b6c5919b56599af302524ac133551b654f550f28919/pygame_ce-2.5.8-cp315-cp315-manylinux2014_aarch64.manylinux_2_17_aarch64.whl", hash = "sha256:d7f03d38b3693c014dd47d4e281620b6756669129e545af1cd608a9484582846", size = 12051154, upload-time = "2026-08-09T11:39:19.873Z" },
    { url = "https://files.pythonhosted.org/packages/da/5e/bed22b0d07d9e96bb9a448acc9da7a235f046280264c33476f0c0753d302/pygame_ce-2.5.8-cp315-cp315-manylinux2014_i686.manylinux_2_17_i686.whl", hash = "sha256:d084b79535f3529aa157edd9401f4f33e5082f318d287029291d6596bb225105", size = 12585976, upload-time = "2026-08-09T11:39:22.555Z" },
    { url = "https://files.pythonhosted.org/packages/21/ce/8c167ba5ba736e372730ae29ef0f8cb2e62a88580e647ae987bc112eb1cb/pygame_ce-2.5.8-cp315-cp315-manylinux2014_x86_64.manylinux_2_17_x86_64.whl", hash = "sha256:d9cbf6e2648ae6d76aa8ece82187d240300cfd9f4c90860e1e466f78cf0ab14a", size = 12147466, upload-time = "2026-08-09T11:39:24.935Z" },
    { url = "https://files.pythonhosted.org/packages/63/92/c99ed51479f2d2a5d7fc9d5aa3b880e4c0fcc87f30cb95ecf325f35dd2fd/pygame_ce-2.5.8-cp315-cp315-win32.whl", hash = "sha256:312a01ff5439a0bd2e55b56683518454da4cbe4cad493d0580e9c49f6aacc2d8", size = 9254928, upload-time = "2026-08-09T11:39:29.525Z" },
    { url = "https://files.pythonhosted.org/packages/87/41/404836598d666ffe02681fd0c29f013daaa8baf18e5de5f7a5d4870b6105/pygame_ce-2.5.8-cp315-cp315-win_amd64.whl", hash = "sha256:5b789aa7e4239be025c9de8428c2c422f0811f0e3dd702b574d836fd9ae040eb", size = 9833657, upload-time = "2026-08-09T11:39:31.897Z" },
    { url = "https://files.pythonhosted.org/packages/5f/a2/7a844f772c6f0967e75d49cb10602fbb878b9daee1cc080d2b9597bcc873/pygame_ce-2.5.8-cp315-cp315-win_arm64.whl", hash = "sha256:28c4fed3870e3edf72ea7ea359bb5f64c55db0fb9cb3bdb26b4b674b4b4bcff4", size = 10410231, upload-time = "2026-08-09T11:39:34.184Z" },
]

[[package]]
name = "round43"
version = "0.1.0"
source = { virtual = "." }
dependencies = [
    { name = "moderngl" },
    { name = "pygame-ce" },
]

[package.metadata]
requires-dist = [
    { name = "moderngl", specifier = ">=5.12.0" },
    { name = "pygame-ce", specifier = ">=2.5.8" },
]
